
Microsoft Visual Studio Solution File, Format Version 12.00
# Visual Studio Version 16
VisualStudioVersion = 16.0.31702.278
MinimumVisualStudioVersion = 10.0.40219.1
Project("{FAE04EC0-301F-11D3-BF4B-00C04F79EFBC}") = "maxelement", "maxelement\maxelement.csproj", "{44943728-7F74-48D7-94E6-C9C86B823C26}"
EndProject
Global
	GlobalSection(SolutionConfigurationPlatforms) = preSolution
		Debug|Any CPU = Debug|Any CPU
		Release|Any CPU = Release|Any CPU
	EndGlobalSection
	GlobalSection(ProjectConfigurationPlatforms) = postSolution
		{44943728-7F74-48D7-94E6-C9C86B823C26}.Debug|Any CPU.ActiveCfg = Debug|Any CPU
		{44943728-7F74-48D7-94E6-C9C86B823C26}.Debug|Any CPU.Build.0 = Debug|Any CPU
		{44943728-7F74-48D7-94E6-C9C86B823C26}.Release|Any CPU.ActiveCfg = Release|Any CPU
		{44943728-7F74-48D7-94E6-C9C86B823C26}.Release|Any CPU.Build.0 = Release|Any CPU
	EndGlobalSection
	GlobalSection(SolutionProperties) = preSolution
		HideSolutionNode = FALSE
	EndGlobalSection
	GlobalSection(ExtensibilityGlobals) = postSolution
		SolutionGuid = {064C061B-7F61-4E18-B152-A737418AE38B}
	EndGlobalSection
EndGlobal
